
Microsoft Visual Studio Solution File, Format Version 12.00
# Visual Studio 15
VisualStudioVersion = 15.0.28307.539
MinimumVisualStudioVersion = 10.0.40219.1
Project("{FAE04EC0-301F-11D3-BF4B-00C04F79EFBC}") = "employee", "employee\employee.csproj", "{37088834-D6AC-4B6A-BE0B-8E453A5FFA4A}"
EndProject
Global
	GlobalSection(SolutionConfigurationPlatforms) = preSolution
		Debug|Any CPU = Debug|Any CPU
		Release|Any CPU = Release|Any CPU
	EndGlobalSection
	GlobalSection(ProjectConfigurationPlatforms) = postSolution
		{37088834-D6AC-4B6A-BE0B-8E453A5FFA4A}.Debug|Any CPU.ActiveCfg = Debug|Any CPU
		{37088834-D6AC-4B6A-BE0B-8E453A5FFA4A}.Debug|Any CPU.Build.0 = Debug|Any CPU
		{37088834-D6AC-4B6A-BE0B-8E453A5FFA4A}.Release|Any CPU.ActiveCfg = Release|Any CPU
		{37088834-D6AC-4B6A-BE0B-8E453A5FFA4A}.Release|Any CPU.Build.0 = Release|Any CPU
	EndGlobalSection
	GlobalSection(SolutionProperties) = preSolution
		HideSolutionNode = FALSE
	EndGlobalSection
	GlobalSection(ExtensibilityGlobals) = postSolution
		SolutionGuid = {82C0F5C6-1BA7-4AD0-BEA2-9C5E02449223}
	EndGlobalSection
EndGlobal
